
Microsoft Visual Studio Solution File, Format Version 12.00
# Visual Studio Version 17
VisualStudioVersion = 17.9.34728.123
MinimumVisualStudioVersion = 10.0.40219.1
Project("{FAE04EC0-301F-11D3-BF4B-00C04F79EFBC}") = "ControleCurso", "ControleCurso\ControleCurso.csproj", "{DF0CE9DF-C3D6-4054-B0E6-F389BD81279F}"
EndProject
Global
	GlobalSection(SolutionConfigurationPlatforms) = preSolution
		Debug|Any CPU = Debug|Any CPU
		Release|Any CPU = Release|Any CPU
	EndGlobalSection
	GlobalSection(ProjectConfigurationPlatforms) = postSolution
		{DF0CE9DF-C3D6-4054-B0E6-F389BD81279F}.Debug|Any CPU.ActiveCfg = Debug|Any CPU
		{DF0CE9DF-C3D6-4054-B0E6-F389BD81279F}.Debug|Any CPU.Build.0 = Debug|Any CPU
		{DF0CE9DF-C3D6-4054-B0E6-F389BD81279F}.Release|Any CPU.ActiveCfg = Release|Any CPU
		{DF0CE9DF-C3D6-4054-B0E6-F389BD81279F}.Release|Any CPU.Build.0 = Release|Any CPU
	EndGlobalSection
	GlobalSection(SolutionProperties) = preSolution
		HideSolutionNode = FALSE
	EndGlobalSection
	GlobalSection(ExtensibilityGlobals) = postSolution
		SolutionGuid = {56CAAC49-412F-4817-8B9C-A31EB123BA18}
	EndGlobalSection
EndGlobal
